{
  "name": "@microsoft/kiota-abstractions",
  "version": "1.0.0-preview.16",
  "lockfileVersion": 2,
  "requires": true,
  "packages": {
    "": {
      "name": "@microsoft/kiota-abstractions",
      "version": "1.0.0-preview.16",
      "license": "MIT",
      "dependencies": {
        "@opentelemetry/api": "^1.2.0",
        "tinyduration": "^3.2.2",
        "tslib": "^2.3.1",
        "uri-template-lite": "23.4.0",
        "uuid": "^9.0.0"
      },
      "devDependencies": {
        "@types/node": "^18.0.0",
        "@types/uri-template-lite": "^19.12.1",
        "@types/uuid": "^9.0.0"
      }
    },
    "node_modules/@opentelemetry/api": {
      "version": "1.4.1",
      "resolved": "https://registry.npmjs.org/@opentelemetry/api/-/api-1.4.1.tgz",
      "integrity": "sha512-O2yRJce1GOc6PAy3QxFM4NzFiWzvScDC1/5ihYBL6BUEVdq0XMWN01sppE+H6bBXbaFYipjwFLEWLg5PaSOThA==",
      "engines": {
        "node": ">=8.0.0"
      }
    },
    "node_modules/@types/node": {
      "version": "18.15.11",
      "resolved": "https://registry.npmjs.org/@types/node/-/node-18.15.11.tgz",
      "integrity": "sha512-E5Kwq2n4SbMzQOn6wnmBjuK9ouqlURrcZDVfbo9ftDDTFt3nk7ZKK4GMOzoYgnpQJKcxwQw+lGaBvvlMo0qN/Q==",
      "dev": true
    },
    "node_modules/@types/uri-template-lite": {
      "version": "19.12.1",
      "resolved": "https://registry.npmjs.org/@types/uri-template-lite/-/uri-template-lite-19.12.1.tgz",
      "integrity": "sha512-tOeSAqiOup+ztD4w6FHLHq9nBDytgiQFRx0JSDzhZT9QL6wO0qZwSdC5O2WOhQRNGxnfrGi0GrB/Ruc2qbapMw==",
      "dev": true
    },
    "node_modules/@types/uuid": {
      "version": "9.0.1",
      "resolved": "https://registry.npmjs.org/@types/uuid/-/uuid-9.0.1.tgz",
      "integrity": "sha512-rFT3ak0/2trgvp4yYZo5iKFEPsET7vKydKF+VRCxlQ9bpheehyAJH89dAkaLEq/j/RZXJIqcgsmPJKUP1Z28HA==",
      "dev": true
    },
    "node_modules/tinyduration": {
      "version": "3.2.4",
      "resolved": "https://registry.npmjs.org/tinyduration/-/tinyduration-3.2.4.tgz",
      "integrity": "sha512-LkcGUKYZiFG+J8ydqEaxLenVacAKgdUajDAv9FhZpAx6xiVQOUSk48/Y1BHxybkRh2X1LOw9/vyvwU6WmOQ92g=="
    },
    "node_modules/tslib": {
      "version": "2.5.0",
      "resolved": "https://registry.npmjs.org/tslib/-/tslib-2.5.0.tgz",
      "integrity": "sha512-336iVw3rtn2BUK7ORdIAHTyxHGRIHVReokCR3XjbckJMK7ms8FysBfhLR8IXnAgy7T0PTPNBWKiH514FOW/WSg=="
    },
    "node_modules/uri-template-lite": {
      "version": "23.4.0",
      "resolved": "https://registry.npmjs.org/uri-template-lite/-/uri-template-lite-23.4.0.tgz",
      "integrity": "sha512-JsAjquFMpSyZRWAUQguhHIRuh4jb/xDhwQyb1/7C42YLJgkc5WoBF3UkRRM1QtL6Vr9xBa9fB7q3xPzXRwvuUA=="
    },
    "node_modules/uuid": {
      "version": "9.0.0",
      "resolved": "https://registry.npmjs.org/uuid/-/uuid-9.0.0.tgz",
      "integrity": "sha512-MXcSTerfPa4uqyzStbRoTgt5XIe3x5+42+q1sDuy3R5MDk66URdLMOZe5aPX/SQd+kuYAh0FdP/pO28IkQyTeg==",
      "bin": {
        "uuid": "dist/bin/uuid"
      }
    }
  },
  "dependencies": {
    "@opentelemetry/api": {
      "version": "1.4.1",
      "resolved": "https://registry.npmjs.org/@opentelemetry/api/-/api-1.4.1.tgz",
      "integrity": "sha512-O2yRJce1GOc6PAy3QxFM4NzFiWzvScDC1/5ihYBL6BUEVdq0XMWN01sppE+H6bBXbaFYipjwFLEWLg5PaSOThA=="
    },
    "@types/node": {
      "version": "18.15.11",
      "resolved": "https://registry.npmjs.org/@types/node/-/node-18.15.11.tgz",
      "integrity": "sha512-E5Kwq2n4SbMzQOn6wnmBjuK9ouqlURrcZDVfbo9ftDDTFt3nk7ZKK4GMOzoYgnpQJKcxwQw+lGaBvvlMo0qN/Q==",
      "dev": true
    },
    "@types/uri-template-lite": {
      "version": "19.12.1",
      "resolved": "https://registry.npmjs.org/@types/uri-template-lite/-/uri-template-lite-19.12.1.tgz",
      "integrity": "sha512-tOeSAqiOup+ztD4w6FHLHq9nBDytgiQFRx0JSDzhZT9QL6wO0qZwSdC5O2WOhQRNGxnfrGi0GrB/Ruc2qbapMw==",
      "dev": true
    },
    "@types/uuid": {
      "version": "9.0.1",
      "resolved": "https://registry.npmjs.org/@types/uuid/-/uuid-9.0.1.tgz",
      "integrity": "sha512-rFT3ak0/2trgvp4yYZo5iKFEPsET7vKydKF+VRCxlQ9bpheehyAJH89dAkaLEq/j/RZXJIqcgsmPJKUP1Z28HA==",
      "dev": true
    },
    "tinyduration": {
      "version": "3.2.4",
      "resolved": "https://registry.npmjs.org/tinyduration/-/tinyduration-3.2.4.tgz",
      "integrity": "sha512-LkcGUKYZiFG+J8ydqEaxLenVacAKgdUajDAv9FhZpAx6xiVQOUSk48/Y1BHxybkRh2X1LOw9/vyvwU6WmOQ92g=="
    },
    "tslib": {
      "version": "2.5.0",
      "resolved": "https://registry.npmjs.org/tslib/-/tslib-2.5.0.tgz",
      "integrity": "sha512-336iVw3rtn2BUK7ORdIAHTyxHGRIHVReokCR3XjbckJMK7ms8FysBfhLR8IXnAgy7T0PTPNBWKiH514FOW/WSg=="
    },
    "uri-template-lite": {
      "version": "23.4.0",
      "resolved": "https://registry.npmjs.org/uri-template-lite/-/uri-template-lite-23.4.0.tgz",
      "integrity": "sha512-JsAjquFMpSyZRWAUQguhHIRuh4jb/xDhwQyb1/7C42YLJgkc5WoBF3UkRRM1QtL6Vr9xBa9fB7q3xPzXRwvuUA=="
    },
    "uuid": {
      "version": "9.0.0",
      "resolved": "https://registry.npmjs.org/uuid/-/uuid-9.0.0.tgz",
      "integrity": "sha512-MXcSTerfPa4uqyzStbRoTgt5XIe3x5+42+q1sDuy3R5MDk66URdLMOZe5aPX/SQd+kuYAh0FdP/pO28IkQyTeg=="
    }
  }
}
