{
    "name": "@microsoft/kiota-serialization-text",
    "version": "1.0.0-beta.1",
    "lockfileVersion": 2,
    "requires": true,
    "packages": {
        "": {
            "name": "@microsoft/kiota-serialization-text",
            "version": "1.0.0-beta.1",
            "license": "MIT",
            "dependencies": {
                "@microsoft/kiota-abstractions": "1.0.0-preview.4",
                "tslib": "^2.3.1"
            }
        },
        "node_modules/@microsoft/kiota-abstractions": {
            "version": "1.0.0-preview.4",
            "resolved": "https://registry.npmjs.org/@microsoft/kiota-abstractions/-/kiota-abstractions-1.0.0-preview.4.tgz",
            "integrity": "sha512-K7mtmCMms3Az7zIfUuOXFhVjFr5HmkjrW0ntaQNR8EeOyOsresIGnZMVk/Mx6lGWjb4DIWP275chpDysNj/j0w==",
            "dependencies": {
                "tinyduration": "^3.2.2",
                "tslib": "^2.3.1",
                "uri-template-lite": "^22.1.0",
                "uuid": "^8.3.2"
            }
        },
        "node_modules/tinyduration": {
            "version": "3.2.2",
            "resolved": "https://registry.npmjs.org/tinyduration/-/tinyduration-3.2.2.tgz",
            "integrity": "sha512-eH6D0KIA4Xxje3ZRUnbsWfN28pAgTx3ZFQvgb0w9u8p9lxSX0eloxi4w165gv03GnvduR9m5JhToPxXvADHe+w=="
        },
        "node_modules/tslib": {
            "version": "2.4.0",
            "resolved": "https://registry.npmjs.org/tslib/-/tslib-2.4.0.tgz",
            "integrity": "sha512-d6xOpEDfsi2CZVlPQzGeux8XMwLT9hssAsaPYExaQMuYskwb+x1x7J371tWlbBdWHroy99KnVB6qIkUbs5X3UQ=="
        },
        "node_modules/uri-template-lite": {
            "version": "22.1.0",
            "resolved": "https://registry.npmjs.org/uri-template-lite/-/uri-template-lite-22.1.0.tgz",
            "integrity": "sha512-KJvWlYkFgeHxFt2Y0c6E/MM6X1mgw1PZ/PfhLKI/S/dPqnr6RXZ6AFE7uEE3T5RxZ8+8uHwONsmBZ/CUPfNaRg=="
        },
        "node_modules/uuid": {
            "version": "8.3.2",
            "resolved": "https://registry.npmjs.org/uuid/-/uuid-8.3.2.tgz",
            "integrity": "sha512-+NYs2QeMWy+GWFOEm9xnn6HCDp0l7QBD7ml8zLUmJ+93Q5NF0NocErnwkTkXVFNiX3/fpC6afS8Dhb/gz7R7eg==",
            "bin": {
                "uuid": "dist/bin/uuid"
            }
        }
    },
    "dependencies": {
        "@microsoft/kiota-abstractions": {
            "version": "1.0.0-preview.4",
            "resolved": "https://registry.npmjs.org/@microsoft/kiota-abstractions/-/kiota-abstractions-1.0.0-preview.4.tgz",
            "integrity": "sha512-K7mtmCMms3Az7zIfUuOXFhVjFr5HmkjrW0ntaQNR8EeOyOsresIGnZMVk/Mx6lGWjb4DIWP275chpDysNj/j0w==",
            "requires": {
                "tinyduration": "^3.2.2",
                "tslib": "^2.3.1",
                "uri-template-lite": "^22.1.0",
                "uuid": "^8.3.2"
            }
        },
        "tinyduration": {
            "version": "3.2.2",
            "resolved": "https://registry.npmjs.org/tinyduration/-/tinyduration-3.2.2.tgz",
            "integrity": "sha512-eH6D0KIA4Xxje3ZRUnbsWfN28pAgTx3ZFQvgb0w9u8p9lxSX0eloxi4w165gv03GnvduR9m5JhToPxXvADHe+w=="
        },
        "tslib": {
            "version": "2.4.0",
            "resolved": "https://registry.npmjs.org/tslib/-/tslib-2.4.0.tgz",
            "integrity": "sha512-d6xOpEDfsi2CZVlPQzGeux8XMwLT9hssAsaPYExaQMuYskwb+x1x7J371tWlbBdWHroy99KnVB6qIkUbs5X3UQ=="
        },
        "uri-template-lite": {
            "version": "22.1.0",
            "resolved": "https://registry.npmjs.org/uri-template-lite/-/uri-template-lite-22.1.0.tgz",
            "integrity": "sha512-KJvWlYkFgeHxFt2Y0c6E/MM6X1mgw1PZ/PfhLKI/S/dPqnr6RXZ6AFE7uEE3T5RxZ8+8uHwONsmBZ/CUPfNaRg=="
        },
        "uuid": {
            "version": "8.3.2",
            "resolved": "https://registry.npmjs.org/uuid/-/uuid-8.3.2.tgz",
            "integrity": "sha512-+NYs2QeMWy+GWFOEm9xnn6HCDp0l7QBD7ml8zLUmJ+93Q5NF0NocErnwkTkXVFNiX3/fpC6afS8Dhb/gz7R7eg=="
        }
    }
}
