{
    "name": "@microsoft/kiota-authentication-spfx",
    "version": "1.0.0-preview.1",
    "lockfileVersion": 1,
    "requires": true,
    "dependencies": {
        "@azure/abort-controller": {
            "version": "1.1.0",
            "resolved": "https://registry.npmjs.org/@azure/abort-controller/-/abort-controller-1.1.0.tgz",
            "integrity": "sha512-TrRLIoSQVzfAJX9H1JeFjzAoDGcoK1IYX1UImfceTZpsyYfWr09Ss1aHW1y5TrrR3iq6RZLBwJ3E24uwPhwahw==",
            "requires": {
                "tslib": "^2.2.0"
            }
        },
        "@azure/core-auth": {
            "version": "1.4.0",
            "resolved": "https://registry.npmjs.org/@azure/core-auth/-/core-auth-1.4.0.tgz",
            "integrity": "sha512-HFrcTgmuSuukRf/EdPmqBrc5l6Q5Uu+2TbuhaKbgaCpP2TfAeiNaQPAadxO+CYBRHGUzIDteMAjFspFLDLnKVQ==",
            "requires": {
                "@azure/abort-controller": "^1.0.0",
                "tslib": "^2.2.0"
            }
        },
        "@azure/msal-browser": {
            "version": "2.22.0",
            "resolved": "https://registry.npmjs.org/@azure/msal-browser/-/msal-browser-2.22.0.tgz",
            "integrity": "sha512-ZpnbnzjYGRGHjWDPOLjSp47CQvhK927+W9avtLoNNCMudqs2dBfwj76lnJwObDE7TAKmCUueTiieglBiPb1mgQ==",
            "requires": {
                "@azure/msal-common": "^6.1.0"
            }
        },
        "@azure/msal-common": {
            "version": "6.4.0",
            "resolved": "https://registry.npmjs.org/@azure/msal-common/-/msal-common-6.4.0.tgz",
            "integrity": "sha512-WZdgq9f9O8cbxGzdRwLLMM5xjmLJ2mdtuzgXeiGxIRkVVlJ9nZ6sWnDFKa2TX8j72UXD1IfL0p/RYNoTXYoGfg=="
        },
        "@babel/runtime": {
            "version": "7.19.4",
            "resolved": "https://registry.npmjs.org/@babel/runtime/-/runtime-7.19.4.tgz",
            "integrity": "sha512-EXpLCrk55f+cYqmHsSR+yD/0gAIMxxA9QK9lnQWzhMCvt+YmoBN7Zx94s++Kv0+unHk39vxNO8t+CMA2WSS3wA==",
            "requires": {
                "regenerator-runtime": "^0.13.4"
            }
        },
        "@microsoft/kiota-abstractions": {
            "version": "1.0.0-preview.6",
            "resolved": "https://registry.npmjs.org/@microsoft/kiota-abstractions/-/kiota-abstractions-1.0.0-preview.6.tgz",
            "integrity": "sha512-4TSbTIWCwMCb6/9t7A8/8K3lnK01UA2R0NqPGFZZHSLRV3rWpWS5Wq6GtjFDTyedFPwamMoj10njvLoIjl2fdA==",
            "requires": {
                "tinyduration": "^3.2.2",
                "tslib": "^2.3.1",
                "uri-template-lite": "^22.1.0",
                "uuid": "^8.3.2"
            }
        },
        "@microsoft/microsoft-graph-client": {
            "version": "1.7.2-spfx",
            "resolved": "https://registry.npmjs.org/@microsoft/microsoft-graph-client/-/microsoft-graph-client-1.7.2-spfx.tgz",
            "integrity": "sha512-BQN50r3tohWYOaQ0de7LJ5eCRjI6eg4RQqLhGDlgRmZIZhWzH0bhR6QBMmmxtYtwKWifhPhJSxYDW+cP67TJVw==",
            "requires": {
                "es6-promise": "^4.2.6",
                "isomorphic-fetch": "^3.0.0",
                "tslib": "^1.9.3"
            },
            "dependencies": {
                "tslib": {
                    "version": "1.14.1",
                    "resolved": "https://registry.npmjs.org/tslib/-/tslib-1.14.1.tgz",
                    "integrity": "sha512-Xni35NKzjgMrwevysHTCArtLDpPvye8zV/0E4EyYn43P7/7qvQwPh9BGkHewbMulVntbigmcT7rdX3BNo9wRJg=="
                }
            }
        },
        "@microsoft/sp-core-library": {
            "version": "1.15.2",
            "resolved": "https://registry.npmjs.org/@microsoft/sp-core-library/-/sp-core-library-1.15.2.tgz",
            "integrity": "sha512-sEotaC8+jUMZa5wc3lvtDYOGpAzzcl1fSZ0FnANIrJGyBC6tTqred0fzpkXptd4R0G/wi3746ivrccAOkzONkQ==",
            "requires": {
                "@microsoft/sp-lodash-subset": "1.15.2",
                "@microsoft/sp-module-interfaces": "1.15.2",
                "@microsoft/sp-odata-types": "1.15.2",
                "tslib": "2.3.1"
            },
            "dependencies": {
                "tslib": {
                    "version": "2.3.1",
                    "resolved": "https://registry.npmjs.org/tslib/-/tslib-2.3.1.tgz",
                    "integrity": "sha512-77EbyPPpMz+FRFRuAFlWMtmgUWGe9UOG2Z25NqCwiIjRhOf5iKGuzSe5P2w1laq+FkRy4p+PCuVkJSGkzTEKVw=="
                }
            }
        },
        "@microsoft/sp-diagnostics": {
            "version": "1.15.2",
            "resolved": "https://registry.npmjs.org/@microsoft/sp-diagnostics/-/sp-diagnostics-1.15.2.tgz",
            "integrity": "sha512-9OJQwkdy3kqATQISpI4SG+5OUMB90KesupsWIE31aAyPcQiilh0XGhWmaYnCxCgGATAWcaYrFeptlDOTQNpuiA==",
            "requires": {
                "@microsoft/sp-core-library": "1.15.2",
                "@microsoft/sp-lodash-subset": "1.15.2"
            }
        },
        "@microsoft/sp-dynamic-data": {
            "version": "1.15.2",
            "resolved": "https://registry.npmjs.org/@microsoft/sp-dynamic-data/-/sp-dynamic-data-1.15.2.tgz",
            "integrity": "sha512-6ks5GUBSatsijQC8NUjaLjYCv4efAbEJcbSVTj8lySpTVCWu8aKsFtKB1b/Vc3I1g9Adq6z2e9sgTaPwm6HTlA==",
            "requires": {
                "@microsoft/sp-core-library": "1.15.2",
                "@microsoft/sp-diagnostics": "1.15.2",
                "@microsoft/sp-lodash-subset": "1.15.2",
                "@microsoft/sp-module-interfaces": "1.15.2",
                "tslib": "2.3.1"
            },
            "dependencies": {
                "tslib": {
                    "version": "2.3.1",
                    "resolved": "https://registry.npmjs.org/tslib/-/tslib-2.3.1.tgz",
                    "integrity": "sha512-77EbyPPpMz+FRFRuAFlWMtmgUWGe9UOG2Z25NqCwiIjRhOf5iKGuzSe5P2w1laq+FkRy4p+PCuVkJSGkzTEKVw=="
                }
            }
        },
        "@microsoft/sp-http": {
            "version": "1.15.2",
            "resolved": "https://registry.npmjs.org/@microsoft/sp-http/-/sp-http-1.15.2.tgz",
            "integrity": "sha512-vP3heQlje3YVTgyaGKZmrHksqmWP+zczuhQP116cCl6z52ZdUiuJIZpDcu+WGZaG1HdznAyrNGkkiZauTytIHw==",
            "requires": {
                "@azure/msal-browser": "2.22.0",
                "@microsoft/microsoft-graph-client": "1.7.2-spfx",
                "@microsoft/microsoft-graph-clientV3": "npm:@microsoft/microsoft-graph-client@3.0.2",
                "@microsoft/sp-core-library": "1.15.2",
                "@microsoft/sp-diagnostics": "1.15.2",
                "@microsoft/sp-page-context": "1.15.2",
                "@types/adal-angular": "1.0.1",
                "adal-angular": "1.0.16",
                "msalLegacy": "npm:msal@1.4.12",
                "tslib": "2.3.1"
            },
            "dependencies": {
                "@microsoft/microsoft-graph-clientV3": {
                    "version": "npm:@microsoft/microsoft-graph-client@3.0.2",
                    "resolved": "https://registry.npmjs.org/@microsoft/microsoft-graph-client/-/microsoft-graph-client-3.0.2.tgz",
                    "integrity": "sha512-eYDiApYmiGsm1s1jfAa/rhB2xQCsX4pWt0vCTd1LZmiApMQfT/c0hXj2hvpuGz5GrcLdugbu05xB79rIV57Pjw==",
                    "requires": {
                        "@babel/runtime": "^7.12.5",
                        "tslib": "^2.2.0"
                    }
                },
                "msalLegacy": {
                    "version": "npm:msal@1.4.12",
                    "resolved": "https://registry.npmjs.org/msal/-/msal-1.4.12.tgz",
                    "integrity": "sha512-gjupwQ6nvNL6mZkl5NIXyUmZhTiEMRu5giNdgHMh8l5EPOnV2Xj6nukY1NIxFacSTkEYUSDB47Pej9GxDYf+1w==",
                    "requires": {
                        "tslib": "^1.9.3"
                    },
                    "dependencies": {
                        "tslib": {
                            "version": "1.14.1",
                            "resolved": "https://registry.npmjs.org/tslib/-/tslib-1.14.1.tgz",
                            "integrity": "sha512-Xni35NKzjgMrwevysHTCArtLDpPvye8zV/0E4EyYn43P7/7qvQwPh9BGkHewbMulVntbigmcT7rdX3BNo9wRJg=="
                        }
                    }
                },
                "tslib": {
                    "version": "2.3.1",
                    "resolved": "https://registry.npmjs.org/tslib/-/tslib-2.3.1.tgz",
                    "integrity": "sha512-77EbyPPpMz+FRFRuAFlWMtmgUWGe9UOG2Z25NqCwiIjRhOf5iKGuzSe5P2w1laq+FkRy4p+PCuVkJSGkzTEKVw=="
                }
            }
        },
        "@microsoft/sp-lodash-subset": {
            "version": "1.15.2",
            "resolved": "https://registry.npmjs.org/@microsoft/sp-lodash-subset/-/sp-lodash-subset-1.15.2.tgz",
            "integrity": "sha512-XLqSltvz9W0hft76fylqVFNUIVS1sLjdUF3+lIQyj0g+4R9kDy9VsGhpxX7qLGAdW10yZ6Z40qfmBWgn8NN4MA==",
            "requires": {
                "@types/lodash": "4.14.117",
                "tslib": "2.3.1"
            },
            "dependencies": {
                "tslib": {
                    "version": "2.3.1",
                    "resolved": "https://registry.npmjs.org/tslib/-/tslib-2.3.1.tgz",
                    "integrity": "sha512-77EbyPPpMz+FRFRuAFlWMtmgUWGe9UOG2Z25NqCwiIjRhOf5iKGuzSe5P2w1laq+FkRy4p+PCuVkJSGkzTEKVw=="
                }
            }
        },
        "@microsoft/sp-module-interfaces": {
            "version": "1.15.2",
            "resolved": "https://registry.npmjs.org/@microsoft/sp-module-interfaces/-/sp-module-interfaces-1.15.2.tgz",
            "integrity": "sha512-JGOjK8f5ww+r4ax8TBAPDyZhDhGWVg1Jk4PvKE0cU6qjywM0DzWWkzHJFcyFXdjr8UE/+wzJOKasCCtu1RjWQg==",
            "requires": {
                "@rushstack/node-core-library": "3.45.5",
                "z-schema": "4.2.4"
            }
        },
        "@microsoft/sp-odata-types": {
            "version": "1.15.2",
            "resolved": "https://registry.npmjs.org/@microsoft/sp-odata-types/-/sp-odata-types-1.15.2.tgz",
            "integrity": "sha512-Eb5MAWRAOkRAGXSdacg8p/KdSpYDJBNwyqNCZwrsCbgf/66h28oK0KUqQ6o8Hcy+vAZpa16x6bvpJQw5u1u8ZA==",
            "requires": {
                "tslib": "2.3.1"
            },
            "dependencies": {
                "tslib": {
                    "version": "2.3.1",
                    "resolved": "https://registry.npmjs.org/tslib/-/tslib-2.3.1.tgz",
                    "integrity": "sha512-77EbyPPpMz+FRFRuAFlWMtmgUWGe9UOG2Z25NqCwiIjRhOf5iKGuzSe5P2w1laq+FkRy4p+PCuVkJSGkzTEKVw=="
                }
            }
        },
        "@microsoft/sp-page-context": {
            "version": "1.15.2",
            "resolved": "https://registry.npmjs.org/@microsoft/sp-page-context/-/sp-page-context-1.15.2.tgz",
            "integrity": "sha512-gq7q2vq5rzAwkOn4/jpdL/VgHCrtDWNZqjcU62W6iIW4TNT3nVykcof9llpghPcYx5dOuTtrRizXfa+vtQ+rzw==",
            "requires": {
                "@microsoft/sp-core-library": "1.15.2",
                "@microsoft/sp-diagnostics": "1.15.2",
                "@microsoft/sp-dynamic-data": "1.15.2",
                "@microsoft/sp-lodash-subset": "1.15.2",
                "@microsoft/sp-odata-types": "1.15.2",
                "tslib": "2.3.1"
            },
            "dependencies": {
                "tslib": {
                    "version": "2.3.1",
                    "resolved": "https://registry.npmjs.org/tslib/-/tslib-2.3.1.tgz",
                    "integrity": "sha512-77EbyPPpMz+FRFRuAFlWMtmgUWGe9UOG2Z25NqCwiIjRhOf5iKGuzSe5P2w1laq+FkRy4p+PCuVkJSGkzTEKVw=="
                }
            }
        },
        "@rushstack/node-core-library": {
            "version": "3.45.5",
            "resolved": "https://registry.npmjs.org/@rushstack/node-core-library/-/node-core-library-3.45.5.tgz",
            "integrity": "sha512-KbN7Hp9vH3bD3YJfv6RnVtzzTAwGYIBl7y2HQLY4WEQqRbvE3LgI78W9l9X+cTAXCX//p0EeoiUYNTFdqJrMZg==",
            "requires": {
                "@types/node": "12.20.24",
                "colors": "~1.2.1",
                "fs-extra": "~7.0.1",
                "import-lazy": "~4.0.0",
                "jju": "~1.4.0",
                "resolve": "~1.17.0",
                "semver": "~7.3.0",
                "timsort": "~0.3.0",
                "z-schema": "~5.0.2"
            },
            "dependencies": {
                "z-schema": {
                    "version": "5.0.4",
                    "resolved": "https://registry.npmjs.org/z-schema/-/z-schema-5.0.4.tgz",
                    "integrity": "sha512-gm/lx3hDzJNcLwseIeQVm1UcwhWIKpSB4NqH89pTBtFns4k/HDHudsICtvG05Bvw/Mv3jMyk700y5dadueLHdA==",
                    "requires": {
                        "commander": "^2.20.3",
                        "lodash.get": "^4.4.2",
                        "lodash.isequal": "^4.5.0",
                        "validator": "^13.7.0"
                    }
                }
            }
        },
        "@types/adal-angular": {
            "version": "1.0.1",
            "resolved": "https://registry.npmjs.org/@types/adal-angular/-/adal-angular-1.0.1.tgz",
            "integrity": "sha512-2sRGxJYrluhvIz8ae98i5k5woe9Fics4dMFHTcNfY2xAkj5QGZor+sfZzlgM58Fpw7Kklau9Gn6OhgJP25dKug=="
        },
        "@types/lodash": {
            "version": "4.14.117",
            "resolved": "https://registry.npmjs.org/@types/lodash/-/lodash-4.14.117.tgz",
            "integrity": "sha512-xyf2m6tRbz8qQKcxYZa7PA4SllYcay+eh25DN3jmNYY6gSTL7Htc/bttVdkqj2wfJGbeWlQiX8pIyJpKU+tubw=="
        },
        "@types/node": {
            "version": "12.20.24",
            "resolved": "https://registry.npmjs.org/@types/node/-/node-12.20.24.tgz",
            "integrity": "sha512-yxDeaQIAJlMav7fH5AQqPH1u8YIuhYJXYBzxaQ4PifsU0GDO38MSdmEDeRlIxrKbC6NbEaaEHDanWb+y30U8SQ=="
        },
        "adal-angular": {
            "version": "1.0.16",
            "resolved": "https://registry.npmjs.org/adal-angular/-/adal-angular-1.0.16.tgz",
            "integrity": "sha512-tJf2bRwolKA8/J+wcy4CFOTAva8gpueHplptfjz3Wt1XOb7Y1jnwdm2VdkFZQUhxCtd/xPvcRSAQP2+ROtAD5g=="
        },
        "colors": {
            "version": "1.2.5",
            "resolved": "https://registry.npmjs.org/colors/-/colors-1.2.5.tgz",
            "integrity": "sha512-erNRLao/Y3Fv54qUa0LBB+//Uf3YwMUmdJinN20yMXm9zdKKqH9wt7R9IIVZ+K7ShzfpLV/Zg8+VyrBJYB4lpg=="
        },
        "commander": {
            "version": "2.20.3",
            "resolved": "https://registry.npmjs.org/commander/-/commander-2.20.3.tgz",
            "integrity": "sha512-GpVkmM8vF2vQUkj2LvZmD35JxeJOLCwJ9cUkugyk2nuhbv3+mJvpLYYt+0+USMxE+oj+ey/lJEnhZw75x/OMcQ==",
            "optional": true
        },
        "es6-promise": {
            "version": "4.2.8",
            "resolved": "https://registry.npmjs.org/es6-promise/-/es6-promise-4.2.8.tgz",
            "integrity": "sha512-HJDGx5daxeIvxdBxvG2cb9g4tEvwIk3i8+nhX0yGrYmZUzbkdg8QbDevheDB8gd0//uPj4c1EQua8Q+MViT0/w=="
        },
        "fs-extra": {
            "version": "7.0.1",
            "resolved": "https://registry.npmjs.org/fs-extra/-/fs-extra-7.0.1.tgz",
            "integrity": "sha512-YJDaCJZEnBmcbw13fvdAM9AwNOJwOzrE4pqMqBq5nFiEqXUqHwlK4B+3pUw6JNvfSPtX05xFHtYy/1ni01eGCw==",
            "requires": {
                "graceful-fs": "^4.1.2",
                "jsonfile": "^4.0.0",
                "universalify": "^0.1.0"
            }
        },
        "graceful-fs": {
            "version": "4.2.10",
            "resolved": "https://registry.npmjs.org/graceful-fs/-/graceful-fs-4.2.10.tgz",
            "integrity": "sha512-9ByhssR2fPVsNZj478qUUbKfmL0+t5BDVyjShtyZZLiK7ZDAArFFfopyOTj0M05wE2tJPisA4iTnnXl2YoPvOA=="
        },
        "import-lazy": {
            "version": "4.0.0",
            "resolved": "https://registry.npmjs.org/import-lazy/-/import-lazy-4.0.0.tgz",
            "integrity": "sha512-rKtvo6a868b5Hu3heneU+L4yEQ4jYKLtjpnPeUdK7h0yzXGmyBTypknlkCvHFBqfX9YlorEiMM6Dnq/5atfHkw=="
        },
        "isomorphic-fetch": {
            "version": "3.0.0",
            "resolved": "https://registry.npmjs.org/isomorphic-fetch/-/isomorphic-fetch-3.0.0.tgz",
            "integrity": "sha512-qvUtwJ3j6qwsF3jLxkZ72qCgjMysPzDfeV240JHiGZsANBYd+EEuu35v7dfrJ9Up0Ak07D7GGSkGhCHTqg/5wA==",
            "requires": {
                "node-fetch": "^2.6.1",
                "whatwg-fetch": "^3.4.1"
            }
        },
        "jju": {
            "version": "1.4.0",
            "resolved": "https://registry.npmjs.org/jju/-/jju-1.4.0.tgz",
            "integrity": "sha512-8wb9Yw966OSxApiCt0K3yNJL8pnNeIv+OEq2YMidz4FKP6nonSRoOXc80iXY4JaN2FC11B9qsNmDsm+ZOfMROA=="
        },
        "jsonfile": {
            "version": "4.0.0",
            "resolved": "https://registry.npmjs.org/jsonfile/-/jsonfile-4.0.0.tgz",
            "integrity": "sha512-m6F1R3z8jjlf2imQHS2Qez5sjKWQzbuuhuJ/FKYFRZvPE3PuHcSMVZzfsLhGVOkfd20obL5SWEBew5ShlquNxg==",
            "requires": {
                "graceful-fs": "^4.1.6"
            }
        },
        "lodash.get": {
            "version": "4.4.2",
            "resolved": "https://registry.npmjs.org/lodash.get/-/lodash.get-4.4.2.tgz",
            "integrity": "sha512-z+Uw/vLuy6gQe8cfaFWD7p0wVv8fJl3mbzXh33RS+0oW2wvUqiRXiQ69gLWSLpgB5/6sU+r6BlQR0MBILadqTQ=="
        },
        "lodash.isequal": {
            "version": "4.5.0",
            "resolved": "https://registry.npmjs.org/lodash.isequal/-/lodash.isequal-4.5.0.tgz",
            "integrity": "sha512-pDo3lu8Jhfjqls6GkMgpahsF9kCyayhgykjyLMNFTKWrpVdAQtYyB4muAMWozBB4ig/dtWAmsMxLEI8wuz+DYQ=="
        },
        "lru-cache": {
            "version": "6.0.0",
            "resolved": "https://registry.npmjs.org/lru-cache/-/lru-cache-6.0.0.tgz",
            "integrity": "sha512-Jo6dJ04CmSjuznwJSS3pUeWmd/H0ffTlkXXgwZi+eq1UCmqQwCh+eLsYOYCwY991i2Fah4h1BEMCx4qThGbsiA==",
            "requires": {
                "yallist": "^4.0.0"
            }
        },
        "node-fetch": {
            "version": "2.6.7",
            "resolved": "https://registry.npmjs.org/node-fetch/-/node-fetch-2.6.7.tgz",
            "integrity": "sha512-ZjMPFEfVx5j+y2yF35Kzx5sF7kDzxuDj6ziH4FFbOp87zKDZNx8yExJIb05OGF4Nlt9IHFIMBkRl41VdvcNdbQ==",
            "requires": {
                "whatwg-url": "^5.0.0"
            }
        },
        "path-parse": {
            "version": "1.0.7",
            "resolved": "https://registry.npmjs.org/path-parse/-/path-parse-1.0.7.tgz",
            "integrity": "sha512-LDJzPVEEEPR+y48z93A0Ed0yXb8pAByGWo/k5YYdYgpY2/2EsOsksJrq7lOHxryrVOn1ejG6oAp8ahvOIQD8sw=="
        },
        "regenerator-runtime": {
            "version": "0.13.10",
            "resolved": "https://registry.npmjs.org/regenerator-runtime/-/regenerator-runtime-0.13.10.tgz",
            "integrity": "sha512-KepLsg4dU12hryUO7bp/axHAKvwGOCV0sGloQtpagJ12ai+ojVDqkeGSiRX1zlq+kjIMZ1t7gpze+26QqtdGqw=="
        },
        "resolve": {
            "version": "1.17.0",
            "resolved": "https://registry.npmjs.org/resolve/-/resolve-1.17.0.tgz",
            "integrity": "sha512-ic+7JYiV8Vi2yzQGFWOkiZD5Z9z7O2Zhm9XMaTxdJExKasieFCr+yXZ/WmXsckHiKl12ar0y6XiXDx3m4RHn1w==",
            "requires": {
                "path-parse": "^1.0.6"
            }
        },
        "semver": {
            "version": "7.3.8",
            "resolved": "https://registry.npmjs.org/semver/-/semver-7.3.8.tgz",
            "integrity": "sha512-NB1ctGL5rlHrPJtFDVIVzTyQylMLu9N9VICA6HSFJo8MCGVTMW6gfpicwKmmK/dAjTOrqu5l63JJOpDSrAis3A==",
            "requires": {
                "lru-cache": "^6.0.0"
            }
        },
        "timsort": {
            "version": "0.3.0",
            "resolved": "https://registry.npmjs.org/timsort/-/timsort-0.3.0.tgz",
            "integrity": "sha512-qsdtZH+vMoCARQtyod4imc2nIJwg9Cc7lPRrw9CzF8ZKR0khdr8+2nX80PBhET3tcyTtJDxAffGh2rXH4tyU8A=="
        },
        "tinyduration": {
            "version": "3.2.2",
            "resolved": "https://registry.npmjs.org/tinyduration/-/tinyduration-3.2.2.tgz",
            "integrity": "sha512-eH6D0KIA4Xxje3ZRUnbsWfN28pAgTx3ZFQvgb0w9u8p9lxSX0eloxi4w165gv03GnvduR9m5JhToPxXvADHe+w=="
        },
        "tr46": {
            "version": "0.0.3",
            "resolved": "https://registry.npmjs.org/tr46/-/tr46-0.0.3.tgz",
            "integrity": "sha512-N3WMsuqV66lT30CrXNbEjx4GEwlow3v6rr4mCcv6prnfwhS01rkgyFdjPNBYd9br7LpXV1+Emh01fHnq2Gdgrw=="
        },
        "tslib": {
            "version": "2.4.0",
            "resolved": "https://registry.npmjs.org/tslib/-/tslib-2.4.0.tgz",
            "integrity": "sha512-d6xOpEDfsi2CZVlPQzGeux8XMwLT9hssAsaPYExaQMuYskwb+x1x7J371tWlbBdWHroy99KnVB6qIkUbs5X3UQ=="
        },
        "universalify": {
            "version": "0.1.2",
            "resolved": "https://registry.npmjs.org/universalify/-/universalify-0.1.2.tgz",
            "integrity": "sha512-rBJeI5CXAlmy1pV+617WB9J63U6XcazHHF2f2dbJix4XzpUF0RS3Zbj0FGIOCAva5P/d/GBOYaACQ1w+0azUkg=="
        },
        "uri-template-lite": {
            "version": "22.9.0",
            "resolved": "https://registry.npmjs.org/uri-template-lite/-/uri-template-lite-22.9.0.tgz",
            "integrity": "sha512-cmGZaykSWEQ5UXKaGKnUS8zFvfp8j1Jvn7dlq3P7tGd5XeybXcfo0xnVBRWiNEp80nO1GYgCLwoaRJ8WMmmk3Q=="
        },
        "uuid": {
            "version": "8.3.2",
            "resolved": "https://registry.npmjs.org/uuid/-/uuid-8.3.2.tgz",
            "integrity": "sha512-+NYs2QeMWy+GWFOEm9xnn6HCDp0l7QBD7ml8zLUmJ+93Q5NF0NocErnwkTkXVFNiX3/fpC6afS8Dhb/gz7R7eg=="
        },
        "validator": {
            "version": "13.7.0",
            "resolved": "https://registry.npmjs.org/validator/-/validator-13.7.0.tgz",
            "integrity": "sha512-nYXQLCBkpJ8X6ltALua9dRrZDHVYxjJ1wgskNt1lH9fzGjs3tgojGSCBjmEPwkWS1y29+DrizMTW19Pr9uB2nw=="
        },
        "webidl-conversions": {
            "version": "3.0.1",
            "resolved": "https://registry.npmjs.org/webidl-conversions/-/webidl-conversions-3.0.1.tgz",
            "integrity": "sha512-2JAn3z8AR6rjK8Sm8orRC0h/bcl/DqL7tRPdGZ4I1CjdF+EaMLmYxBHyXuKL849eucPFhvBoxMsflfOb8kxaeQ=="
        },
        "whatwg-fetch": {
            "version": "3.6.2",
            "resolved": "https://registry.npmjs.org/whatwg-fetch/-/whatwg-fetch-3.6.2.tgz",
            "integrity": "sha512-bJlen0FcuU/0EMLrdbJ7zOnW6ITZLrZMIarMUVmdKtsGvZna8vxKYaexICWPfZ8qwf9fzNq+UEIZrnSaApt6RA=="
        },
        "whatwg-url": {
            "version": "5.0.0",
            "resolved": "https://registry.npmjs.org/whatwg-url/-/whatwg-url-5.0.0.tgz",
            "integrity": "sha512-saE57nupxk6v3HY35+jzBwYa0rKSy0XR8JSxZPwgLr7ys0IBzhGviA1/TUGJLmSVqs8pb9AnvICXEuOHLprYTw==",
            "requires": {
                "tr46": "~0.0.3",
                "webidl-conversions": "^3.0.0"
            }
        },
        "yallist": {
            "version": "4.0.0",
            "resolved": "https://registry.npmjs.org/yallist/-/yallist-4.0.0.tgz",
            "integrity": "sha512-3wdGidZyq5PB084XLES5TpOSRA3wjXAlIWMhum2kRcv/41Sn2emQ0dycQW4uZXLejwKvg6EsvbdlVL+FYEct7A=="
        },
        "z-schema": {
            "version": "4.2.4",
            "resolved": "https://registry.npmjs.org/z-schema/-/z-schema-4.2.4.tgz",
            "integrity": "sha512-YvBeW5RGNeNzKOUJs3rTL4+9rpcvHXt5I051FJbOcitV8bl40pEfcG0Q+dWSwS0/BIYrMZ/9HHoqLllMkFhD0w==",
            "requires": {
                "commander": "^2.7.1",
                "lodash.get": "^4.4.2",
                "lodash.isequal": "^4.5.0",
                "validator": "^13.6.0"
            }
        }
    }
}
